
Microsoft Visual Studio Solution File, Format Version 12.00
# Visual Studio 2012
Project("{FAE04EC0-301F-11D3-BF4B-00C04F79EFBC}") = "FileAdmiral", "FileAdmiral\FileAdmiral.csproj", "{83906D13-B560-49C3-AD70-191B9148F27C}"
EndProject
Project("{FAE04EC0-301F-11D3-BF4B-00C04F79EFBC}") = "FileAdmiral.Engine", "FileAdmiral.Engine\FileAdmiral.Engine.csproj", "{96F47033-DE3B-4B6E-95C8-B4833874F333}"
EndProject
Global
	GlobalSection(SolutionConfigurationPlatforms) = preSolution
		Debug|Any CPU = Debug|Any CPU
		Release|Any CPU = Release|Any CPU
	EndGlobalSection
	GlobalSection(ProjectConfigurationPlatforms) = postSolution
		{83906D13-B560-49C3-AD70-191B9148F27C}.Debug|Any CPU.ActiveCfg = Debug|Any CPU
		{83906D13-B560-49C3-AD70-191B9148F27C}.Debug|Any CPU.Build.0 = Debug|Any CPU
		{83906D13-B560-49C3-AD70-191B9148F27C}.Release|Any CPU.ActiveCfg = Release|Any CPU
		{83906D13-B560-49C3-AD70-191B9148F27C}.Release|Any CPU.Build.0 = Release|Any CPU
		{96F47033-DE3B-4B6E-95C8-B4833874F333}.Debug|Any CPU.ActiveCfg = Debug|Any CPU
		{96F47033-DE3B-4B6E-95C8-B4833874F333}.Debug|Any CPU.Build.0 = Debug|Any CPU
		{96F47033-DE3B-4B6E-95C8-B4833874F333}.Release|Any CPU.ActiveCfg = Release|Any CPU
		{96F47033-DE3B-4B6E-95C8-B4833874F333}.Release|Any CPU.Build.0 = Release|Any CPU
	EndGlobalSection
	GlobalSection(SolutionProperties) = preSolution
		HideSolutionNode = FALSE
	EndGlobalSection
EndGlobal
